<?xml version="1.0" encoding="UTF-8" standalone="yes" ?>
<CodeBlocks_project_file>
	<FileVersion major="1" minor="6" />
	<Project>
		<Option title="IceMen" />
		<Option pch_mode="2" />
		<Option compiler="gcc" />
		<Build>
			<Target title="Debug">
				<Option output="bin/Debug/Striker" prefix_auto="1" extension_auto="1" />
				<Option object_output="obj/Debug/" />
				<Option type="1" />
				<Option compiler="gcc" />
				<Compiler>
					<Add option="-g" />
					<Add directory="../../../../../../allegro-4.4.2-mingw-4.5.2/include" />
				</Compiler>
				<Linker>
					<Add library="../../../../../../allegro-4.4.2-mingw-4.5.2/lib/liballegro-4.4.2-md.a" />
				</Linker>
			</Target>
			<Target title="Release">
				<Option output="bin/Release/Striker" prefix_auto="1" extension_auto="1" />
				<Option object_output="obj/Release/" />
				<Option type="1" />
				<Option compiler="gcc" />
				<Compiler>
					<Add option="-O2" />
				</Compiler>
				<Linker>
					<Add option="-s" />
				</Linker>
			</Target>
		</Build>
		<Compiler>
			<Add option="-Wall" />
		</Compiler>
		<Unit filename="BackgroundGame.cpp" />
		<Unit filename="BackgroundGame.h" />
		<Unit filename="Bullet.cpp" />
		<Unit filename="Bullet.h" />
		<Unit filename="Enemy.cpp" />
		<Unit filename="Enemy.h" />
		<Unit filename="FlameThrower.cpp" />
		<Unit filename="FlameThrower.h" />
		<Unit filename="Hurdles.cpp" />
		<Unit filename="Hurdles.h" />
		<Unit filename="LinkedList.cpp" />
		<Unit filename="LinkedList.h" />
		<Unit filename="Map.cpp" />
		<Unit filename="Map.h" />
		<Unit filename="Object.h" />
		<Unit filename="Powerup.cpp" />
		<Unit filename="Powerup.h" />
		<Unit filename="SnowMan.cpp" />
		<Unit filename="SnowMan.h" />
		<Unit filename="main.cpp" />
		<Extensions>
			<code_completion />
			<envvars />
			<debugger />
		</Extensions>
	</Project>
</CodeBlocks_project_file>
